
Microsoft Visual Studio Solution File, Format Version 12.00
# Visual Studio 2013
VisualStudioVersion = 12.0.21005.1
MinimumVisualStudioVersion = 10.0.40219.1
Project("{FAE04EC0-301F-11D3-BF4B-00C04F79EFBC}") = "Headless", "Headless\Headless.csproj", "{1A0FC3C7-201A-4C35-A383-7E1FC32B5BE7}"
	ProjectSection(ProjectDependencies) = postProject
		{D6F36D08-1E3D-47C9-B23D-1A4D41B8FA5D} = {D6F36D08-1E3D-47C9-B23D-1A4D41B8FA5D}
	EndProjectSection
EndProject
Project("{FAE04EC0-301F-11D3-BF4B-00C04F79EFBC}") = "Headless.IntegrationTests", "Headless.IntegrationTests\Headless.IntegrationTests.csproj", "{8577FCC8-5FF0-4A18-BD92-6ACFBA6777B2}"
	ProjectSection(ProjectDependencies) = postProject
		{B47105B7-8DF5-413A-AC84-B5D977E6E883} = {B47105B7-8DF5-413A-AC84-B5D977E6E883}
	EndProjectSection
EndProject
Project("{FAE04EC0-301F-11D3-BF4B-00C04F79EFBC}") = "Headless.DemoSite", "Headless.DemoSite\Headless.DemoSite.csproj", "{B47105B7-8DF5-413A-AC84-B5D977E6E883}"
EndProject
Project("{2150E333-8FDC-42A3-9474-1A3956D46DE8}") = "Testing", "Testing", "{3FE556AE-6A05-4C6C-84E5-DC5419B3E39C}"
EndProject
Project("{2150E333-8FDC-42A3-9474-1A3956D46DE8}") = "Solution Items", "Solution Items", "{72661CEF-60A9-4A0D-8C31-4C48D5188C1A}"
	ProjectSection(SolutionItems) = preProject
		.gitattributes = .gitattributes
		.gitignore = .gitignore
		Solution Items\Application.ruleset = Solution Items\Application.ruleset
		Solution Items\CustomDictionary.xml = Solution Items\CustomDictionary.xml
		Headless.Build.bat = Headless.Build.bat
		Headless.Build.proj = Headless.Build.proj
		Solution Items\Headless.nuspec = Solution Items\Headless.nuspec
		Headless.sln.DotSettings = Headless.sln.DotSettings
		LICENSE = LICENSE
		Solution Items\ProductInfo.cs = Solution Items\ProductInfo.cs
		README.md = README.md
		Settings.StyleCop = Settings.StyleCop
		Solution Items\Test.runsettings = Solution Items\Test.runsettings
		Solution Items\UnitTest.ruleset = Solution Items\UnitTest.ruleset
	EndProjectSection
EndProject
Project("{2150E333-8FDC-42A3-9474-1A3956D46DE8}") = ".nuget", ".nuget", "{3F0DA5E3-86E7-4590-8233-4F5CC0608A53}"
	ProjectSection(SolutionItems) = preProject
		.nuget\NuGet.Config = .nuget\NuGet.Config
		.nuget\NuGet.exe = .nuget\NuGet.exe
		.nuget\NuGet.targets = .nuget\NuGet.targets
	EndProjectSection
EndProject
Project("{FAE04EC0-301F-11D3-BF4B-00C04F79EFBC}") = "Headless.UnitTests", "Headless.UnitTests\Headless.UnitTests.csproj", "{1074D199-4069-42C6-9A5F-9A12774CEC88}"
EndProject
Project("{2150E333-8FDC-42A3-9474-1A3956D46DE8}") = "References", "References", "{DE0F3E0E-E225-4947-BAF2-864BEAADDFD6}"
EndProject
Project("{2150E333-8FDC-42A3-9474-1A3956D46DE8}") = "BuildTaskExecutor", "BuildTaskExecutor", "{1EF96D9F-44A9-4210-8516-52612DCE9BC5}"
	ProjectSection(SolutionItems) = preProject
		References\BuildTaskExecutor\bte.bat = References\BuildTaskExecutor\bte.bat
		References\BuildTaskExecutor\BuildTaskExecutor.exe = References\BuildTaskExecutor\BuildTaskExecutor.exe
		References\BuildTaskExecutor\BuildTaskExecutor.pdb = References\BuildTaskExecutor\BuildTaskExecutor.pdb
		References\BuildTaskExecutor\BuildTaskExecutor.xml = References\BuildTaskExecutor\BuildTaskExecutor.xml
		References\BuildTaskExecutor\Neovolve.BuildTaskExecutor.chm = References\BuildTaskExecutor\Neovolve.BuildTaskExecutor.chm
	EndProjectSection
EndProject
Project("{2150E333-8FDC-42A3-9474-1A3956D46DE8}") = "Build", "Build", "{F659CF4C-3BA6-46C5-BF07-F95D5C16E386}"
EndProject
Project("{FAE04EC0-301F-11D3-BF4B-00C04F79EFBC}") = "NuGetVersionSync", "NuGetVersionSync\NuGetVersionSync.csproj", "{D6F36D08-1E3D-47C9-B23D-1A4D41B8FA5D}"
EndProject
Project("{7CF6DF6D-3B04-46F8-A40B-537D21BCA0B4}") = "Headless.Documentation", "Headless.Documentation\Headless.Documentation.shfbproj", "{0AC41409-DA60-45B0-8C30-D6E80ECD0BBB}"
EndProject
Global
	GlobalSection(SolutionConfigurationPlatforms) = preSolution
		Debug|Any CPU = Debug|Any CPU
		Release|Any CPU = Release|Any CPU
	EndGlobalSection
	GlobalSection(ProjectConfigurationPlatforms) = postSolution
		{1A0FC3C7-201A-4C35-A383-7E1FC32B5BE7}.Debug|Any CPU.ActiveCfg = Debug|Any CPU
		{1A0FC3C7-201A-4C35-A383-7E1FC32B5BE7}.Debug|Any CPU.Build.0 = Debug|Any CPU
		{1A0FC3C7-201A-4C35-A383-7E1FC32B5BE7}.Release|Any CPU.ActiveCfg = Release|Any CPU
		{1A0FC3C7-201A-4C35-A383-7E1FC32B5BE7}.Release|Any CPU.Build.0 = Release|Any CPU
		{8577FCC8-5FF0-4A18-BD92-6ACFBA6777B2}.Debug|Any CPU.ActiveCfg = Debug|Any CPU
		{8577FCC8-5FF0-4A18-BD92-6ACFBA6777B2}.Debug|Any CPU.Build.0 = Debug|Any CPU
		{8577FCC8-5FF0-4A18-BD92-6ACFBA6777B2}.Release|Any CPU.ActiveCfg = Release|Any CPU
		{8577FCC8-5FF0-4A18-BD92-6ACFBA6777B2}.Release|Any CPU.Build.0 = Release|Any CPU
		{B47105B7-8DF5-413A-AC84-B5D977E6E883}.Debug|Any CPU.ActiveCfg = Debug|Any CPU
		{B47105B7-8DF5-413A-AC84-B5D977E6E883}.Debug|Any CPU.Build.0 = Debug|Any CPU
		{B47105B7-8DF5-413A-AC84-B5D977E6E883}.Release|Any CPU.ActiveCfg = Release|Any CPU
		{B47105B7-8DF5-413A-AC84-B5D977E6E883}.Release|Any CPU.Build.0 = Release|Any CPU
		{1074D199-4069-42C6-9A5F-9A12774CEC88}.Debug|Any CPU.ActiveCfg = Debug|Any CPU
		{1074D199-4069-42C6-9A5F-9A12774CEC88}.Debug|Any CPU.Build.0 = Debug|Any CPU
		{1074D199-4069-42C6-9A5F-9A12774CEC88}.Release|Any CPU.ActiveCfg = Release|Any CPU
		{1074D199-4069-42C6-9A5F-9A12774CEC88}.Release|Any CPU.Build.0 = Release|Any CPU
		{D6F36D08-1E3D-47C9-B23D-1A4D41B8FA5D}.Debug|Any CPU.ActiveCfg = Debug|Any CPU
		{D6F36D08-1E3D-47C9-B23D-1A4D41B8FA5D}.Debug|Any CPU.Build.0 = Debug|Any CPU
		{D6F36D08-1E3D-47C9-B23D-1A4D41B8FA5D}.Release|Any CPU.ActiveCfg = Release|Any CPU
		{D6F36D08-1E3D-47C9-B23D-1A4D41B8FA5D}.Release|Any CPU.Build.0 = Release|Any CPU
		{0AC41409-DA60-45B0-8C30-D6E80ECD0BBB}.Debug|Any CPU.ActiveCfg = Debug|Any CPU
		{0AC41409-DA60-45B0-8C30-D6E80ECD0BBB}.Release|Any CPU.ActiveCfg = Release|Any CPU
		{0AC41409-DA60-45B0-8C30-D6E80ECD0BBB}.Release|Any CPU.Build.0 = Release|Any CPU
	EndGlobalSection
	GlobalSection(SolutionProperties) = preSolution
		HideSolutionNode = FALSE
	EndGlobalSection
	GlobalSection(NestedProjects) = preSolution
		{B47105B7-8DF5-413A-AC84-B5D977E6E883} = {3FE556AE-6A05-4C6C-84E5-DC5419B3E39C}
		{8577FCC8-5FF0-4A18-BD92-6ACFBA6777B2} = {3FE556AE-6A05-4C6C-84E5-DC5419B3E39C}
		{1074D199-4069-42C6-9A5F-9A12774CEC88} = {3FE556AE-6A05-4C6C-84E5-DC5419B3E39C}
		{1EF96D9F-44A9-4210-8516-52612DCE9BC5} = {DE0F3E0E-E225-4947-BAF2-864BEAADDFD6}
		{D6F36D08-1E3D-47C9-B23D-1A4D41B8FA5D} = {F659CF4C-3BA6-46C5-BF07-F95D5C16E386}
	EndGlobalSection
EndGlobal
